
Microsoft Visual Studio Solution File, Format Version 12.00
# Visual Studio Version 16
VisualStudioVersion = 16.0.30104.148
MinimumVisualStudioVersion = 10.0.40219.1
Project("{9A19103F-16F7-4668-BE54-9A1E7A4F7556}") = "Quase.NUnitTest", "Quase.NUnitTest\Quase.NUnitTest.csproj", "{A3B2956F-783B-4649-B9DE-A786785B87B2}"
EndProject
Project("{2150E333-8FDC-42A3-9474-1A3956D46DE8}") = "Qase", "Qase", "{94B689C1-0E40-4A61-A94F-7B14D9A7CBC3}"
EndProject
Project("{9A19103F-16F7-4668-BE54-9A1E7A4F7556}") = "Qase.API", "..\Qase.API\Qase.API.csproj", "{34C1F69B-4980-43EE-A6CB-07527536D235}"
EndProject
Global
	GlobalSection(SolutionConfigurationPlatforms) = preSolution
		Debug|Any CPU = Debug|Any CPU
		Release|Any CPU = Release|Any CPU
	EndGlobalSection
	GlobalSection(ProjectConfigurationPlatforms) = postSolution
		{A3B2956F-783B-4649-B9DE-A786785B87B2}.Debug|Any CPU.ActiveCfg = Debug|Any CPU
		{A3B2956F-783B-4649-B9DE-A786785B87B2}.Debug|Any CPU.Build.0 = Debug|Any CPU
		{A3B2956F-783B-4649-B9DE-A786785B87B2}.Release|Any CPU.ActiveCfg = Release|Any CPU
		{A3B2956F-783B-4649-B9DE-A786785B87B2}.Release|Any CPU.Build.0 = Release|Any CPU
		{34C1F69B-4980-43EE-A6CB-07527536D235}.Debug|Any CPU.ActiveCfg = Debug|Any CPU
		{34C1F69B-4980-43EE-A6CB-07527536D235}.Debug|Any CPU.Build.0 = Debug|Any CPU
		{34C1F69B-4980-43EE-A6CB-07527536D235}.Release|Any CPU.ActiveCfg = Release|Any CPU
		{34C1F69B-4980-43EE-A6CB-07527536D235}.Release|Any CPU.Build.0 = Release|Any CPU
	EndGlobalSection
	GlobalSection(SolutionProperties) = preSolution
		HideSolutionNode = FALSE
	EndGlobalSection
	GlobalSection(NestedProjects) = preSolution
		{34C1F69B-4980-43EE-A6CB-07527536D235} = {94B689C1-0E40-4A61-A94F-7B14D9A7CBC3}
	EndGlobalSection
	GlobalSection(ExtensibilityGlobals) = postSolution
		SolutionGuid = {1A7AAA63-B208-4A60-94C0-EBDC0F034C77}
	EndGlobalSection
EndGlobal
